{
  "version": 4,
  "terraform_version": "1.9.8",
  "serial": 16,
  "lineage": "618e8033-0ef1-8e48-a8fb-8633f698a52c",
  "outputs": {
    "lb_fqdn": {
      "value": "entregacompu-lb.westus.cloudapp.azure.com",
      "type": "string"
    },
    "lb_public_ip": {
      "value": "57.154.186.162",
      "type": "string"
    }
  },
  "resources": [
    {
      "mode": "managed",
      "type": "azurerm_linux_virtual_machine",
      "name": "worker",
      "provider": "provider[\"registry.terraform.io/hashicorp/azurerm\"]",
      "instances": [
        {
          "index_key": 0,
          "schema_version": 0,
          "attributes": {
            "additional_capabilities": [],
            "admin_password": null,
            "admin_ssh_key": [
              {
                "public_key": "ssh-rsa AAAAB3NzaC1yc2EAAAADAQABAAACAQDyHdCbi8MoredAblyPlYOe9iHPzXs5Keka5V0Ra2PLA8O0d/zWqByAm9Wf+KcKnpkg266tFiny9hEpfLGgl9bTIwTlHay/6PO3CangdsnTs6p6Fo+J15p4eRyr/cg4+l4mbjZw9rhDiLaW9zrYF9BpSu7xLV6u9+y6RESTXIHsH4KrtT4ndlX9WCuuMVb55risRHj0Fn72pDTFsqo/cQssFvCmKwanNNpfDDlS0C55jDHYoBfjpHGmRCDi6TlvDFWiKcLDW+R+HowBYurUVHY9nVVWWoK5wEpKfeVjkq7BBAuYoTD0aoAdwyn4YkyD+ZCkxfQIhlQuyPk4sBQmDQvSQ4e8qDUDKkMBLvtmxYtAaMQs3/DUaT61Qcku1Hm2+HmXnMxtSDI8ydyvMpABCsL0Yx0pScE/0se/iKYpNs0y7gyuYmSAoO4J+FvhrnI2muMV5KFiZmBSXJR+loHnsvrype2mhzgkm7u5VQvAWo2Vt3n/HVl6iE8XJAqWYzBPouoVllqwDdgVluqIFooCUlcIn0pvkJUV0PGNih59rcn50Gv1AdwWsuZrdFjAxYvtLzGy4bQw8M3FQu2eh72a/LdtrZz79ZJFWZVWZ5RoDCiNQFoYnW20+XBWRNTpdaEZd/BWRafuFOhwkmBt8zV4FnM4+Rqx5uNRn7Xlj6aQVR3oZQ== debian127@vbox\n",
                "username": "debian127"
              }
            ],
            "admin_username": "debian127",
            "allow_extension_operations": true,
            "availability_set_id": "",
            "boot_diagnostics": [],
            "bypass_platform_safety_checks_on_user_schedule_enabled": false,
            "capacity_reservation_group_id": "",
            "computer_name": "entregacompu-worker-1",
            "custom_data": "PCFET0NUWVBFIGh0bWw+CjxodG1sIGxhbmc9ImVuIj4KPGhlYWQ+CiAgICA8bWV0YSBjaGFyc2V0PSJVVEYtOCI+CiAgICA8bWV0YSBuYW1lPSJ2aWV3cG9ydCIgY29udGVudD0id2lkdGg9ZGV2aWNlLXdpZHRoLCBpbml0aWFsLXNjYWxlPTEuMCI+CiAgICA8dGl0bGU+V29ya2VyIFJlc3BvbnNlPC90aXRsZT4KPC9oZWFkPgo8Ym9keT4KICAgIDxoMT5SZXNwb25zZSBmcm9tIFdvcmtlcjogV09SS0VSX05BTUU8L2gxPgogICAgPHA+VGhpcyBpcyBhIGN1c3RvbSByZXNwb25zZSBmcm9tIHRoZSB3b3JrZXIuPC9wPgo8L2JvZHk+CjwvaHRtbD4KIyEvYmluL2Jhc2gKCiMgSW5zdGFsYXIgTmdpbngKYXB0LWdldCB1cGRhdGUKYXB0LWdldCBpbnN0YWxsIC15IG5naW54CgojIENvbmZpZ3VyYXIgcMOhZ2luYSBwZXJzb25hbGl6YWRhCldPUktFUl9OQU1FPSQoaG9zdG5hbWUpCnNlZCAicy9XT1JLRVJfTkFNRS8kV09SS0VSX05BTUUvIiAvdG1wL3dvcmtlcl90ZW1wbGF0ZS5odG1sID4gL3Zhci93d3cvaHRtbC9pbmRleC5odG1sCgojIFJlaW5pY2lhciBOZ2lueApzeXN0ZW1jdGwgcmVzdGFydCBuZ2lueA==",
            "dedicated_host_group_id": "",
            "dedicated_host_id": "",
            "disable_password_authentication": true,
            "disk_controller_type": "",
            "edge_zone": "",
            "encryption_at_host_enabled": false,
            "eviction_policy": "",
            "extensions_time_budget": "PT1H30M",
            "gallery_application": [],
            "id": "/subscriptions/da0c0d8c-6754-4741-b160-d019bef4484e/resourceGroups/entrega-rg/providers/Microsoft.Compute/virtualMachines/entregacompu-worker-1",
            "identity": [],
            "license_type": "",
            "location": "westus",
            "max_bid_price": -1,
            "name": "entregacompu-worker-1",
            "network_interface_ids": [
              "/subscriptions/da0c0d8c-6754-4741-b160-d019bef4484e/resourceGroups/entrega-rg/providers/Microsoft.Network/networkInterfaces/entregacompu-worker-nic-1"
            ],
            "os_disk": [
              {
                "caching": "ReadWrite",
                "diff_disk_settings": [],
                "disk_encryption_set_id": "",
                "disk_size_gb": 30,
                "name": "entregacompu-worker-1_OsDisk_1_ba0de800ce0d40e9b9116b2f7459b28f",
                "secure_vm_disk_encryption_set_id": "",
                "security_encryption_type": "",
                "storage_account_type": "Standard_LRS",
                "write_accelerator_enabled": false
              }
            ],
            "os_image_notification": [],
            "patch_assessment_mode": "ImageDefault",
            "patch_mode": "ImageDefault",
            "plan": [],
            "platform_fault_domain": -1,
            "priority": "Regular",
            "private_ip_address": "10.0.1.5",
            "private_ip_addresses": [
              "10.0.1.5"
            ],
            "provision_vm_agent": true,
            "proximity_placement_group_id": "",
            "public_ip_address": "",
            "public_ip_addresses": [],
            "reboot_setting": "",
            "resource_group_name": "entrega-rg",
            "secret": [],
            "secure_boot_enabled": false,
            "size": "Standard_B1s",
            "source_image_id": "",
            "source_image_reference": [
              {
                "offer": "debian-11",
                "publisher": "Debian",
                "sku": "11",
                "version": "latest"
              }
            ],
            "tags": null,
            "termination_notification": null,
            "timeouts": null,
            "user_data": "",
            "virtual_machine_id": "33f589ac-e246-4087-95f8-3292b13f3191",
            "virtual_machine_scale_set_id": "",
            "vm_agent_platform_updates_enabled": false,
            "vtpm_enabled": false,
            "zone": ""
          },
          "sensitive_attributes": [
            [
              {
                "type": "get_attr",
                "value": "custom_data"
              }
            ],
            [
              {
                "type": "get_attr",
                "value": "admin_password"
              }
            ]
          ],
          "private": "eyJlMmJmYjczMC1lY2FhLTExZTYtOGY4OC0zNDM2M2JjN2M0YzAiOnsiY3JlYXRlIjoyNzAwMDAwMDAwMDAwLCJkZWxldGUiOjI3MDAwMDAwMDAwMDAsInJlYWQiOjMwMDAwMDAwMDAwMCwidXBkYXRlIjoyNzAwMDAwMDAwMDAwfX0=",
          "dependencies": [
            "azurerm_network_interface.worker_nic",
            "azurerm_resource_group.rg",
            "azurerm_subnet.worker_subnet",
            "azurerm_virtual_network.vnet"
          ]
        },
        {
          "index_key": 1,
          "schema_version": 0,
          "attributes": {
            "additional_capabilities": [],
            "admin_password": null,
            "admin_ssh_key": [
              {
                "public_key": "ssh-rsa AAAAB3NzaC1yc2EAAAADAQABAAACAQDyHdCbi8MoredAblyPlYOe9iHPzXs5Keka5V0Ra2PLA8O0d/zWqByAm9Wf+KcKnpkg266tFiny9hEpfLGgl9bTIwTlHay/6PO3CangdsnTs6p6Fo+J15p4eRyr/cg4+l4mbjZw9rhDiLaW9zrYF9BpSu7xLV6u9+y6RESTXIHsH4KrtT4ndlX9WCuuMVb55risRHj0Fn72pDTFsqo/cQssFvCmKwanNNpfDDlS0C55jDHYoBfjpHGmRCDi6TlvDFWiKcLDW+R+HowBYurUVHY9nVVWWoK5wEpKfeVjkq7BBAuYoTD0aoAdwyn4YkyD+ZCkxfQIhlQuyPk4sBQmDQvSQ4e8qDUDKkMBLvtmxYtAaMQs3/DUaT61Qcku1Hm2+HmXnMxtSDI8ydyvMpABCsL0Yx0pScE/0se/iKYpNs0y7gyuYmSAoO4J+FvhrnI2muMV5KFiZmBSXJR+loHnsvrype2mhzgkm7u5VQvAWo2Vt3n/HVl6iE8XJAqWYzBPouoVllqwDdgVluqIFooCUlcIn0pvkJUV0PGNih59rcn50Gv1AdwWsuZrdFjAxYvtLzGy4bQw8M3FQu2eh72a/LdtrZz79ZJFWZVWZ5RoDCiNQFoYnW20+XBWRNTpdaEZd/BWRafuFOhwkmBt8zV4FnM4+Rqx5uNRn7Xlj6aQVR3oZQ== debian127@vbox\n",
                "username": "debian127"
              }
            ],
            "admin_username": "debian127",
            "allow_extension_operations": true,
            "availability_set_id": "",
            "boot_diagnostics": [],
            "bypass_platform_safety_checks_on_user_schedule_enabled": false,
            "capacity_reservation_group_id": "",
            "computer_name": "entregacompu-worker-2",
            "custom_data": "PCFET0NUWVBFIGh0bWw+CjxodG1sIGxhbmc9ImVuIj4KPGhlYWQ+CiAgICA8bWV0YSBjaGFyc2V0PSJVVEYtOCI+CiAgICA8bWV0YSBuYW1lPSJ2aWV3cG9ydCIgY29udGVudD0id2lkdGg9ZGV2aWNlLXdpZHRoLCBpbml0aWFsLXNjYWxlPTEuMCI+CiAgICA8dGl0bGU+V29ya2VyIFJlc3BvbnNlPC90aXRsZT4KPC9oZWFkPgo8Ym9keT4KICAgIDxoMT5SZXNwb25zZSBmcm9tIFdvcmtlcjogV09SS0VSX05BTUU8L2gxPgogICAgPHA+VGhpcyBpcyBhIGN1c3RvbSByZXNwb25zZSBmcm9tIHRoZSB3b3JrZXIuPC9wPgo8L2JvZHk+CjwvaHRtbD4KIyEvYmluL2Jhc2gKCiMgSW5zdGFsYXIgTmdpbngKYXB0LWdldCB1cGRhdGUKYXB0LWdldCBpbnN0YWxsIC15IG5naW54CgojIENvbmZpZ3VyYXIgcMOhZ2luYSBwZXJzb25hbGl6YWRhCldPUktFUl9OQU1FPSQoaG9zdG5hbWUpCnNlZCAicy9XT1JLRVJfTkFNRS8kV09SS0VSX05BTUUvIiAvdG1wL3dvcmtlcl90ZW1wbGF0ZS5odG1sID4gL3Zhci93d3cvaHRtbC9pbmRleC5odG1sCgojIFJlaW5pY2lhciBOZ2lueApzeXN0ZW1jdGwgcmVzdGFydCBuZ2lueA==",
            "dedicated_host_group_id": "",
            "dedicated_host_id": "",
            "disable_password_authentication": true,
            "disk_controller_type": "",
            "edge_zone": "",
            "encryption_at_host_enabled": false,
            "eviction_policy": "",
            "extensions_time_budget": "PT1H30M",
            "gallery_application": [],
            "id": "/subscriptions/da0c0d8c-6754-4741-b160-d019bef4484e/resourceGroups/entrega-rg/providers/Microsoft.Compute/virtualMachines/entregacompu-worker-2",
            "identity": [],
            "license_type": "",
            "location": "westus",
            "max_bid_price": -1,
            "name": "entregacompu-worker-2",
            "network_interface_ids": [
              "/subscriptions/da0c0d8c-6754-4741-b160-d019bef4484e/resourceGroups/entrega-rg/providers/Microsoft.Network/networkInterfaces/entregacompu-worker-nic-2"
            ],
            "os_disk": [
              {
                "caching": "ReadWrite",
                "diff_disk_settings": [],
                "disk_encryption_set_id": "",
                "disk_size_gb": 30,
                "name": "entregacompu-worker-2_OsDisk_1_5c8abca584e84c199fa34c12726006d8",
                "secure_vm_disk_encryption_set_id": "",
                "security_encryption_type": "",
                "storage_account_type": "Standard_LRS",
                "write_accelerator_enabled": false
              }
            ],
            "os_image_notification": [],
            "patch_assessment_mode": "ImageDefault",
            "patch_mode": "ImageDefault",
            "plan": [],
            "platform_fault_domain": -1,
            "priority": "Regular",
            "private_ip_address": "10.0.1.6",
            "private_ip_addresses": [
              "10.0.1.6"
            ],
            "provision_vm_agent": true,
            "proximity_placement_group_id": "",
            "public_ip_address": "",
            "public_ip_addresses": [],
            "reboot_setting": "",
            "resource_group_name": "entrega-rg",
            "secret": [],
            "secure_boot_enabled": false,
            "size": "Standard_B1s",
            "source_image_id": "",
            "source_image_reference": [
              {
                "offer": "debian-11",
                "publisher": "Debian",
                "sku": "11",
                "version": "latest"
              }
            ],
            "tags": null,
            "termination_notification": null,
            "timeouts": null,
            "user_data": "",
            "virtual_machine_id": "54d7422c-b626-4526-a1c0-21cdfea58c06",
            "virtual_machine_scale_set_id": "",
            "vm_agent_platform_updates_enabled": false,
            "vtpm_enabled": false,
            "zone": ""
          },
          "sensitive_attributes": [
            [
              {
                "type": "get_attr",
                "value": "admin_password"
              }
            ],
            [
              {
                "type": "get_attr",
                "value": "custom_data"
              }
            ]
          ],
          "private": "eyJlMmJmYjczMC1lY2FhLTExZTYtOGY4OC0zNDM2M2JjN2M0YzAiOnsiY3JlYXRlIjoyNzAwMDAwMDAwMDAwLCJkZWxldGUiOjI3MDAwMDAwMDAwMDAsInJlYWQiOjMwMDAwMDAwMDAwMCwidXBkYXRlIjoyNzAwMDAwMDAwMDAwfX0=",
          "dependencies": [
            "azurerm_network_interface.worker_nic",
            "azurerm_resource_group.rg",
            "azurerm_subnet.worker_subnet",
            "azurerm_virtual_network.vnet"
          ]
        },
        {
          "index_key": 2,
          "schema_version": 0,
          "attributes": {
            "additional_capabilities": [],
            "admin_password": null,
            "admin_ssh_key": [
              {
                "public_key": "ssh-rsa AAAAB3NzaC1yc2EAAAADAQABAAACAQDyHdCbi8MoredAblyPlYOe9iHPzXs5Keka5V0Ra2PLA8O0d/zWqByAm9Wf+KcKnpkg266tFiny9hEpfLGgl9bTIwTlHay/6PO3CangdsnTs6p6Fo+J15p4eRyr/cg4+l4mbjZw9rhDiLaW9zrYF9BpSu7xLV6u9+y6RESTXIHsH4KrtT4ndlX9WCuuMVb55risRHj0Fn72pDTFsqo/cQssFvCmKwanNNpfDDlS0C55jDHYoBfjpHGmRCDi6TlvDFWiKcLDW+R+HowBYurUVHY9nVVWWoK5wEpKfeVjkq7BBAuYoTD0aoAdwyn4YkyD+ZCkxfQIhlQuyPk4sBQmDQvSQ4e8qDUDKkMBLvtmxYtAaMQs3/DUaT61Qcku1Hm2+HmXnMxtSDI8ydyvMpABCsL0Yx0pScE/0se/iKYpNs0y7gyuYmSAoO4J+FvhrnI2muMV5KFiZmBSXJR+loHnsvrype2mhzgkm7u5VQvAWo2Vt3n/HVl6iE8XJAqWYzBPouoVllqwDdgVluqIFooCUlcIn0pvkJUV0PGNih59rcn50Gv1AdwWsuZrdFjAxYvtLzGy4bQw8M3FQu2eh72a/LdtrZz79ZJFWZVWZ5RoDCiNQFoYnW20+XBWRNTpdaEZd/BWRafuFOhwkmBt8zV4FnM4+Rqx5uNRn7Xlj6aQVR3oZQ== debian127@vbox\n",
                "username": "debian127"
              }
            ],
            "admin_username": "debian127",
            "allow_extension_operations": true,
            "availability_set_id": "",
            "boot_diagnostics": [],
            "bypass_platform_safety_checks_on_user_schedule_enabled": false,
            "capacity_reservation_group_id": "",
            "computer_name": "entregacompu-worker-3",
            "custom_data": "PCFET0NUWVBFIGh0bWw+CjxodG1sIGxhbmc9ImVuIj4KPGhlYWQ+CiAgICA8bWV0YSBjaGFyc2V0PSJVVEYtOCI+CiAgICA8bWV0YSBuYW1lPSJ2aWV3cG9ydCIgY29udGVudD0id2lkdGg9ZGV2aWNlLXdpZHRoLCBpbml0aWFsLXNjYWxlPTEuMCI+CiAgICA8dGl0bGU+V29ya2VyIFJlc3BvbnNlPC90aXRsZT4KPC9oZWFkPgo8Ym9keT4KICAgIDxoMT5SZXNwb25zZSBmcm9tIFdvcmtlcjogV09SS0VSX05BTUU8L2gxPgogICAgPHA+VGhpcyBpcyBhIGN1c3RvbSByZXNwb25zZSBmcm9tIHRoZSB3b3JrZXIuPC9wPgo8L2JvZHk+CjwvaHRtbD4KIyEvYmluL2Jhc2gKCiMgSW5zdGFsYXIgTmdpbngKYXB0LWdldCB1cGRhdGUKYXB0LWdldCBpbnN0YWxsIC15IG5naW54CgojIENvbmZpZ3VyYXIgcMOhZ2luYSBwZXJzb25hbGl6YWRhCldPUktFUl9OQU1FPSQoaG9zdG5hbWUpCnNlZCAicy9XT1JLRVJfTkFNRS8kV09SS0VSX05BTUUvIiAvdG1wL3dvcmtlcl90ZW1wbGF0ZS5odG1sID4gL3Zhci93d3cvaHRtbC9pbmRleC5odG1sCgojIFJlaW5pY2lhciBOZ2lueApzeXN0ZW1jdGwgcmVzdGFydCBuZ2lueA==",
            "dedicated_host_group_id": "",
            "dedicated_host_id": "",
            "disable_password_authentication": true,
            "disk_controller_type": "",
            "edge_zone": "",
            "encryption_at_host_enabled": false,
            "eviction_policy": "",
            "extensions_time_budget": "PT1H30M",
            "gallery_application": [],
            "id": "/subscriptions/da0c0d8c-6754-4741-b160-d019bef4484e/resourceGroups/entrega-rg/providers/Microsoft.Compute/virtualMachines/entregacompu-worker-3",
            "identity": [],
            "license_type": "",
            "location": "westus",
            "max_bid_price": -1,
            "name": "entregacompu-worker-3",
            "network_interface_ids": [
              "/subscriptions/da0c0d8c-6754-4741-b160-d019bef4484e/resourceGroups/entrega-rg/providers/Microsoft.Network/networkInterfaces/entregacompu-worker-nic-3"
            ],
            "os_disk": [
              {
                "caching": "ReadWrite",
                "diff_disk_settings": [],
                "disk_encryption_set_id": "",
                "disk_size_gb": 30,
                "name": "entregacompu-worker-3_OsDisk_1_d512e03d9fa14c2a9d26dd7a161e1642",
                "secure_vm_disk_encryption_set_id": "",
                "security_encryption_type": "",
                "storage_account_type": "Standard_LRS",
                "write_accelerator_enabled": false
              }
            ],
            "os_image_notification": [],
            "patch_assessment_mode": "ImageDefault",
            "patch_mode": "ImageDefault",
            "plan": [],
            "platform_fault_domain": -1,
            "priority": "Regular",
            "private_ip_address": "10.0.1.4",
            "private_ip_addresses": [
              "10.0.1.4"
            ],
            "provision_vm_agent": true,
            "proximity_placement_group_id": "",
            "public_ip_address": "",
            "public_ip_addresses": [],
            "reboot_setting": "",
            "resource_group_name": "entrega-rg",
            "secret": [],
            "secure_boot_enabled": false,
            "size": "Standard_B1s",
            "source_image_id": "",
            "source_image_reference": [
              {
                "offer": "debian-11",
                "publisher": "Debian",
                "sku": "11",
                "version": "latest"
              }
            ],
            "tags": null,
            "termination_notification": null,
            "timeouts": null,
            "user_data": "",
            "virtual_machine_id": "04c17a54-f7b7-491d-b9d5-78392a39a119",
            "virtual_machine_scale_set_id": "",
            "vm_agent_platform_updates_enabled": false,
            "vtpm_enabled": false,
            "zone": ""
          },
          "sensitive_attributes": [
            [
              {
                "type": "get_attr",
                "value": "admin_password"
              }
            ],
            [
              {
                "type": "get_attr",
                "value": "custom_data"
              }
            ]
          ],
          "private": "eyJlMmJmYjczMC1lY2FhLTExZTYtOGY4OC0zNDM2M2JjN2M0YzAiOnsiY3JlYXRlIjoyNzAwMDAwMDAwMDAwLCJkZWxldGUiOjI3MDAwMDAwMDAwMDAsInJlYWQiOjMwMDAwMDAwMDAwMCwidXBkYXRlIjoyNzAwMDAwMDAwMDAwfX0=",
          "dependencies": [
            "azurerm_network_interface.worker_nic",
            "azurerm_resource_group.rg",
            "azurerm_subnet.worker_subnet",
            "azurerm_virtual_network.vnet"
          ]
        }
      ]
    },
    {
      "mode": "managed",
      "type": "azurerm_network_interface",
      "name": "lb_nic",
      "provider": "provider[\"registry.terraform.io/hashicorp/azurerm\"]",
      "instances": [
        {
          "schema_version": 0,
          "attributes": {
            "accelerated_networking_enabled": false,
            "applied_dns_servers": [],
            "auxiliary_mode": "",
            "auxiliary_sku": "",
            "dns_servers": null,
            "edge_zone": "",
            "id": "/subscriptions/da0c0d8c-6754-4741-b160-d019bef4484e/resourceGroups/entrega-rg/providers/Microsoft.Network/networkInterfaces/entregacompu-lb-nic",
            "internal_dns_name_label": "",
            "internal_domain_name_suffix": "qujm52rxsuwelaa5f1stanoyfh.dx.internal.cloudapp.net",
            "ip_configuration": [
              {
                "gateway_load_balancer_frontend_ip_configuration_id": "",
                "name": "public",
                "primary": true,
                "private_ip_address": "10.0.2.4",
                "private_ip_address_allocation": "Dynamic",
                "private_ip_address_version": "IPv4",
                "public_ip_address_id": "/subscriptions/da0c0d8c-6754-4741-b160-d019bef4484e/resourceGroups/entrega-rg/providers/Microsoft.Network/publicIPAddresses/entregacompu-lb-public-ip",
                "subnet_id": "/subscriptions/da0c0d8c-6754-4741-b160-d019bef4484e/resourceGroups/entrega-rg/providers/Microsoft.Network/virtualNetworks/entregacompu-vnet/subnets/lb-subnet"
              }
            ],
            "ip_forwarding_enabled": false,
            "location": "westus",
            "mac_address": "",
            "name": "entregacompu-lb-nic",
            "private_ip_address": "10.0.2.4",
            "private_ip_addresses": [
              "10.0.2.4"
            ],
            "resource_group_name": "entrega-rg",
            "tags": null,
            "timeouts": null,
            "virtual_machine_id": ""
          },
          "sensitive_attributes": [],
          "private": "eyJlMmJmYjczMC1lY2FhLTExZTYtOGY4OC0zNDM2M2JjN2M0YzAiOnsiY3JlYXRlIjoxODAwMDAwMDAwMDAwLCJkZWxldGUiOjE4MDAwMDAwMDAwMDAsInJlYWQiOjMwMDAwMDAwMDAwMCwidXBkYXRlIjoxODAwMDAwMDAwMDAwfX0=",
          "dependencies": [
            "azurerm_public_ip.lb_public_ip",
            "azurerm_resource_group.rg",
            "azurerm_subnet.lb_subnet",
            "azurerm_virtual_network.vnet"
          ]
        }
      ]
    },
    {
      "mode": "managed",
      "type": "azurerm_network_interface",
      "name": "worker_nic",
      "provider": "provider[\"registry.terraform.io/hashicorp/azurerm\"]",
      "instances": [
        {
          "index_key": 0,
          "schema_version": 0,
          "attributes": {
            "accelerated_networking_enabled": false,
            "applied_dns_servers": [],
            "auxiliary_mode": "",
            "auxiliary_sku": "",
            "dns_servers": null,
            "edge_zone": "",
            "id": "/subscriptions/da0c0d8c-6754-4741-b160-d019bef4484e/resourceGroups/entrega-rg/providers/Microsoft.Network/networkInterfaces/entregacompu-worker-nic-1",
            "internal_dns_name_label": "",
            "internal_domain_name_suffix": "qujm52rxsuwelaa5f1stanoyfh.dx.internal.cloudapp.net",
            "ip_configuration": [
              {
                "gateway_load_balancer_frontend_ip_configuration_id": "",
                "name": "internal",
                "primary": true,
                "private_ip_address": "10.0.1.5",
                "private_ip_address_allocation": "Dynamic",
                "private_ip_address_version": "IPv4",
                "public_ip_address_id": "",
                "subnet_id": "/subscriptions/da0c0d8c-6754-4741-b160-d019bef4484e/resourceGroups/entrega-rg/providers/Microsoft.Network/virtualNetworks/entregacompu-vnet/subnets/worker-subnet"
              }
            ],
            "ip_forwarding_enabled": false,
            "location": "westus",
            "mac_address": "",
            "name": "entregacompu-worker-nic-1",
            "private_ip_address": "10.0.1.5",
            "private_ip_addresses": [
              "10.0.1.5"
            ],
            "resource_group_name": "entrega-rg",
            "tags": null,
            "timeouts": null,
            "virtual_machine_id": ""
          },
          "sensitive_attributes": [],
          "private": "eyJlMmJmYjczMC1lY2FhLTExZTYtOGY4OC0zNDM2M2JjN2M0YzAiOnsiY3JlYXRlIjoxODAwMDAwMDAwMDAwLCJkZWxldGUiOjE4MDAwMDAwMDAwMDAsInJlYWQiOjMwMDAwMDAwMDAwMCwidXBkYXRlIjoxODAwMDAwMDAwMDAwfX0=",
          "dependencies": [
            "azurerm_resource_group.rg",
            "azurerm_subnet.worker_subnet",
            "azurerm_virtual_network.vnet"
          ]
        },
        {
          "index_key": 1,
          "schema_version": 0,
          "attributes": {
            "accelerated_networking_enabled": false,
            "applied_dns_servers": [],
            "auxiliary_mode": "",
            "auxiliary_sku": "",
            "dns_servers": null,
            "edge_zone": "",
            "id": "/subscriptions/da0c0d8c-6754-4741-b160-d019bef4484e/resourceGroups/entrega-rg/providers/Microsoft.Network/networkInterfaces/entregacompu-worker-nic-2",
            "internal_dns_name_label": "",
            "internal_domain_name_suffix": "qujm52rxsuwelaa5f1stanoyfh.dx.internal.cloudapp.net",
            "ip_configuration": [
              {
                "gateway_load_balancer_frontend_ip_configuration_id": "",
                "name": "internal",
                "primary": true,
                "private_ip_address": "10.0.1.6",
                "private_ip_address_allocation": "Dynamic",
                "private_ip_address_version": "IPv4",
                "public_ip_address_id": "",
                "subnet_id": "/subscriptions/da0c0d8c-6754-4741-b160-d019bef4484e/resourceGroups/entrega-rg/providers/Microsoft.Network/virtualNetworks/entregacompu-vnet/subnets/worker-subnet"
              }
            ],
            "ip_forwarding_enabled": false,
            "location": "westus",
            "mac_address": "",
            "name": "entregacompu-worker-nic-2",
            "private_ip_address": "10.0.1.6",
            "private_ip_addresses": [
              "10.0.1.6"
            ],
            "resource_group_name": "entrega-rg",
            "tags": null,
            "timeouts": null,
            "virtual_machine_id": ""
          },
          "sensitive_attributes": [],
          "private": "eyJlMmJmYjczMC1lY2FhLTExZTYtOGY4OC0zNDM2M2JjN2M0YzAiOnsiY3JlYXRlIjoxODAwMDAwMDAwMDAwLCJkZWxldGUiOjE4MDAwMDAwMDAwMDAsInJlYWQiOjMwMDAwMDAwMDAwMCwidXBkYXRlIjoxODAwMDAwMDAwMDAwfX0=",
          "dependencies": [
            "azurerm_resource_group.rg",
            "azurerm_subnet.worker_subnet",
            "azurerm_virtual_network.vnet"
          ]
        },
        {
          "index_key": 2,
          "schema_version": 0,
          "attributes": {
            "accelerated_networking_enabled": false,
            "applied_dns_servers": [],
            "auxiliary_mode": "",
            "auxiliary_sku": "",
            "dns_servers": null,
            "edge_zone": "",
            "id": "/subscriptions/da0c0d8c-6754-4741-b160-d019bef4484e/resourceGroups/entrega-rg/providers/Microsoft.Network/networkInterfaces/entregacompu-worker-nic-3",
            "internal_dns_name_label": "",
            "internal_domain_name_suffix": "qujm52rxsuwelaa5f1stanoyfh.dx.internal.cloudapp.net",
            "ip_configuration": [
              {
                "gateway_load_balancer_frontend_ip_configuration_id": "",
                "name": "internal",
                "primary": true,
                "private_ip_address": "10.0.1.4",
                "private_ip_address_allocation": "Dynamic",
                "private_ip_address_version": "IPv4",
                "public_ip_address_id": "",
                "subnet_id": "/subscriptions/da0c0d8c-6754-4741-b160-d019bef4484e/resourceGroups/entrega-rg/providers/Microsoft.Network/virtualNetworks/entregacompu-vnet/subnets/worker-subnet"
              }
            ],
            "ip_forwarding_enabled": false,
            "location": "westus",
            "mac_address": "",
            "name": "entregacompu-worker-nic-3",
            "private_ip_address": "10.0.1.4",
            "private_ip_addresses": [
              "10.0.1.4"
            ],
            "resource_group_name": "entrega-rg",
            "tags": null,
            "timeouts": null,
            "virtual_machine_id": ""
          },
          "sensitive_attributes": [],
          "private": "eyJlMmJmYjczMC1lY2FhLTExZTYtOGY4OC0zNDM2M2JjN2M0YzAiOnsiY3JlYXRlIjoxODAwMDAwMDAwMDAwLCJkZWxldGUiOjE4MDAwMDAwMDAwMDAsInJlYWQiOjMwMDAwMDAwMDAwMCwidXBkYXRlIjoxODAwMDAwMDAwMDAwfX0=",
          "dependencies": [
            "azurerm_resource_group.rg",
            "azurerm_subnet.worker_subnet",
            "azurerm_virtual_network.vnet"
          ]
        }
      ]
    },
    {
      "mode": "managed",
      "type": "azurerm_network_interface_security_group_association",
      "name": "lb_nsg_association",
      "provider": "provider[\"registry.terraform.io/hashicorp/azurerm\"]",
      "instances": [
        {
          "schema_version": 0,
          "attributes": {
            "id": "/subscriptions/da0c0d8c-6754-4741-b160-d019bef4484e/resourceGroups/entrega-rg/providers/Microsoft.Network/networkInterfaces/entregacompu-lb-nic|/subscriptions/da0c0d8c-6754-4741-b160-d019bef4484e/resourceGroups/entrega-rg/providers/Microsoft.Network/networkSecurityGroups/entregacompu-lb-nsg",
            "network_interface_id": "/subscriptions/da0c0d8c-6754-4741-b160-d019bef4484e/resourceGroups/entrega-rg/providers/Microsoft.Network/networkInterfaces/entregacompu-lb-nic",
            "network_security_group_id": "/subscriptions/da0c0d8c-6754-4741-b160-d019bef4484e/resourceGroups/entrega-rg/providers/Microsoft.Network/networkSecurityGroups/entregacompu-lb-nsg",
            "timeouts": null
          },
          "sensitive_attributes": [],
          "private": "eyJlMmJmYjczMC1lY2FhLTExZTYtOGY4OC0zNDM2M2JjN2M0YzAiOnsiY3JlYXRlIjoxODAwMDAwMDAwMDAwLCJkZWxldGUiOjE4MDAwMDAwMDAwMDAsInJlYWQiOjMwMDAwMDAwMDAwMH19",
          "dependencies": [
            "azurerm_network_interface.lb_nic",
            "azurerm_network_security_group.lb_nsg",
            "azurerm_public_ip.lb_public_ip",
            "azurerm_resource_group.rg",
            "azurerm_subnet.lb_subnet",
            "azurerm_virtual_network.vnet"
          ]
        }
      ]
    },
    {
      "mode": "managed",
      "type": "azurerm_network_security_group",
      "name": "lb_nsg",
      "provider": "provider[\"registry.terraform.io/hashicorp/azurerm\"]",
      "instances": [
        {
          "schema_version": 0,
          "attributes": {
            "id": "/subscriptions/da0c0d8c-6754-4741-b160-d019bef4484e/resourceGroups/entrega-rg/providers/Microsoft.Network/networkSecurityGroups/entregacompu-lb-nsg",
            "location": "westus",
            "name": "entregacompu-lb-nsg",
            "resource_group_name": "entrega-rg",
            "security_rule": [
              {
                "access": "Allow",
                "description": "",
                "destination_address_prefix": "*",
                "destination_address_prefixes": [],
                "destination_application_security_group_ids": [],
                "destination_port_range": "22",
                "destination_port_ranges": [],
                "direction": "Inbound",
                "name": "SSH",
                "priority": 1001,
                "protocol": "Tcp",
                "source_address_prefix": "*",
                "source_address_prefixes": [],
                "source_application_security_group_ids": [],
                "source_port_range": "*",
                "source_port_ranges": []
              },
              {
                "access": "Allow",
                "description": "",
                "destination_address_prefix": "*",
                "destination_address_prefixes": [],
                "destination_application_security_group_ids": [],
                "destination_port_range": "80",
                "destination_port_ranges": [],
                "direction": "Inbound",
                "name": "HTTP",
                "priority": 1002,
                "protocol": "Tcp",
                "source_address_prefix": "*",
                "source_address_prefixes": [],
                "source_application_security_group_ids": [],
                "source_port_range": "*",
                "source_port_ranges": []
              }
            ],
            "tags": null,
            "timeouts": null
          },
          "sensitive_attributes": [],
          "private": "eyJlMmJmYjczMC1lY2FhLTExZTYtOGY4OC0zNDM2M2JjN2M0YzAiOnsiY3JlYXRlIjoxODAwMDAwMDAwMDAwLCJkZWxldGUiOjE4MDAwMDAwMDAwMDAsInJlYWQiOjMwMDAwMDAwMDAwMCwidXBkYXRlIjoxODAwMDAwMDAwMDAwfX0=",
          "dependencies": [
            "azurerm_resource_group.rg"
          ]
        }
      ]
    },
    {
      "mode": "managed",
      "type": "azurerm_public_ip",
      "name": "lb_public_ip",
      "provider": "provider[\"registry.terraform.io/hashicorp/azurerm\"]",
      "instances": [
        {
          "schema_version": 0,
          "attributes": {
            "allocation_method": "Static",
            "ddos_protection_mode": "VirtualNetworkInherited",
            "ddos_protection_plan_id": null,
            "domain_name_label": "entregacompu-lb",
            "edge_zone": "",
            "fqdn": "entregacompu-lb.westus.cloudapp.azure.com",
            "id": "/subscriptions/da0c0d8c-6754-4741-b160-d019bef4484e/resourceGroups/entrega-rg/providers/Microsoft.Network/publicIPAddresses/entregacompu-lb-public-ip",
            "idle_timeout_in_minutes": 4,
            "ip_address": "57.154.186.162",
            "ip_tags": null,
            "ip_version": "IPv4",
            "location": "westus",
            "name": "entregacompu-lb-public-ip",
            "public_ip_prefix_id": null,
            "resource_group_name": "entrega-rg",
            "reverse_fqdn": "",
            "sku": "Standard",
            "sku_tier": "Regional",
            "tags": null,
            "timeouts": null,
            "zones": null
          },
          "sensitive_attributes": [],
          "private": "eyJlMmJmYjczMC1lY2FhLTExZTYtOGY4OC0zNDM2M2JjN2M0YzAiOnsiY3JlYXRlIjoxODAwMDAwMDAwMDAwLCJkZWxldGUiOjE4MDAwMDAwMDAwMDAsInJlYWQiOjMwMDAwMDAwMDAwMCwidXBkYXRlIjoxODAwMDAwMDAwMDAwfX0=",
          "dependencies": [
            "azurerm_resource_group.rg"
          ]
        }
      ]
    },
    {
      "mode": "managed",
      "type": "azurerm_resource_group",
      "name": "rg",
      "provider": "provider[\"registry.terraform.io/hashicorp/azurerm\"]",
      "instances": [
        {
          "schema_version": 0,
          "attributes": {
            "id": "/subscriptions/da0c0d8c-6754-4741-b160-d019bef4484e/resourceGroups/entrega-rg",
            "location": "westus",
            "managed_by": "",
            "name": "entrega-rg",
            "tags": null,
            "timeouts": null
          },
          "sensitive_attributes": [],
          "private": "eyJlMmJmYjczMC1lY2FhLTExZTYtOGY4OC0zNDM2M2JjN2M0YzAiOnsiY3JlYXRlIjo1NDAwMDAwMDAwMDAwLCJkZWxldGUiOjU0MDAwMDAwMDAwMDAsInJlYWQiOjMwMDAwMDAwMDAwMCwidXBkYXRlIjo1NDAwMDAwMDAwMDAwfX0="
        }
      ]
    },
    {
      "mode": "managed",
      "type": "azurerm_subnet",
      "name": "lb_subnet",
      "provider": "provider[\"registry.terraform.io/hashicorp/azurerm\"]",
      "instances": [
        {
          "schema_version": 0,
          "attributes": {
            "address_prefixes": [
              "10.0.2.0/24"
            ],
            "default_outbound_access_enabled": true,
            "delegation": [],
            "id": "/subscriptions/da0c0d8c-6754-4741-b160-d019bef4484e/resourceGroups/entrega-rg/providers/Microsoft.Network/virtualNetworks/entregacompu-vnet/subnets/lb-subnet",
            "name": "lb-subnet",
            "private_endpoint_network_policies": "Disabled",
            "private_link_service_network_policies_enabled": true,
            "resource_group_name": "entrega-rg",
            "service_endpoint_policy_ids": null,
            "service_endpoints": null,
            "timeouts": null,
            "virtual_network_name": "entregacompu-vnet"
          },
          "sensitive_attributes": [],
          "private": "eyJlMmJmYjczMC1lY2FhLTExZTYtOGY4OC0zNDM2M2JjN2M0YzAiOnsiY3JlYXRlIjoxODAwMDAwMDAwMDAwLCJkZWxldGUiOjE4MDAwMDAwMDAwMDAsInJlYWQiOjMwMDAwMDAwMDAwMCwidXBkYXRlIjoxODAwMDAwMDAwMDAwfX0=",
          "dependencies": [
            "azurerm_resource_group.rg",
            "azurerm_virtual_network.vnet"
          ]
        }
      ]
    },
    {
      "mode": "managed",
      "type": "azurerm_subnet",
      "name": "worker_subnet",
      "provider": "provider[\"registry.terraform.io/hashicorp/azurerm\"]",
      "instances": [
        {
          "schema_version": 0,
          "attributes": {
            "address_prefixes": [
              "10.0.1.0/24"
            ],
            "default_outbound_access_enabled": true,
            "delegation": [],
            "id": "/subscriptions/da0c0d8c-6754-4741-b160-d019bef4484e/resourceGroups/entrega-rg/providers/Microsoft.Network/virtualNetworks/entregacompu-vnet/subnets/worker-subnet",
            "name": "worker-subnet",
            "private_endpoint_network_policies": "Disabled",
            "private_link_service_network_policies_enabled": true,
            "resource_group_name": "entrega-rg",
            "service_endpoint_policy_ids": null,
            "service_endpoints": null,
            "timeouts": null,
            "virtual_network_name": "entregacompu-vnet"
          },
          "sensitive_attributes": [],
          "private": "eyJlMmJmYjczMC1lY2FhLTExZTYtOGY4OC0zNDM2M2JjN2M0YzAiOnsiY3JlYXRlIjoxODAwMDAwMDAwMDAwLCJkZWxldGUiOjE4MDAwMDAwMDAwMDAsInJlYWQiOjMwMDAwMDAwMDAwMCwidXBkYXRlIjoxODAwMDAwMDAwMDAwfX0=",
          "dependencies": [
            "azurerm_resource_group.rg",
            "azurerm_virtual_network.vnet"
          ]
        }
      ]
    },
    {
      "mode": "managed",
      "type": "azurerm_virtual_network",
      "name": "vnet",
      "provider": "provider[\"registry.terraform.io/hashicorp/azurerm\"]",
      "instances": [
        {
          "schema_version": 0,
          "attributes": {
            "address_space": [
              "10.0.0.0/16"
            ],
            "bgp_community": "",
            "ddos_protection_plan": [],
            "dns_servers": [],
            "edge_zone": "",
            "encryption": [],
            "flow_timeout_in_minutes": 0,
            "guid": "f2cf1285-9537-452c-801f-2ee53035d82f",
            "id": "/subscriptions/da0c0d8c-6754-4741-b160-d019bef4484e/resourceGroups/entrega-rg/providers/Microsoft.Network/virtualNetworks/entregacompu-vnet",
            "location": "westus",
            "name": "entregacompu-vnet",
            "resource_group_name": "entrega-rg",
            "subnet": [],
            "tags": null,
            "timeouts": null
          },
          "sensitive_attributes": [],
          "private": "eyJlMmJmYjczMC1lY2FhLTExZTYtOGY4OC0zNDM2M2JjN2M0YzAiOnsiY3JlYXRlIjoxODAwMDAwMDAwMDAwLCJkZWxldGUiOjE4MDAwMDAwMDAwMDAsInJlYWQiOjMwMDAwMDAwMDAwMCwidXBkYXRlIjoxODAwMDAwMDAwMDAwfX0=",
          "dependencies": [
            "azurerm_resource_group.rg"
          ]
        }
      ]
    }
  ],
  "check_results": null
}
